// !$*UTF8*$!
{
	archiveVersion = 1;
	classes = {
	};
	objectVersion = 50;
	objects = {

/* Begin PBXBuildFile section */
		925F160B258D8BE700C43AFB /* AppDelegate.swift in Sources */ = {isa = PBXBuildFile; fileRef = 925F160A258D8BE700C43AFB /* AppDelegate.swift */; };
		925F160D258D8BE700C43AFB /* SceneDelegate.swift in Sources */ = {isa = PBXBuildFile; fileRef = 925F160C258D8BE700C43AFB /* SceneDelegate.swift */; };
		925F160F258D8BE700C43AFB /* ViewController.swift in Sources */ = {isa = PBXBuildFile; fileRef = 925F160E258D8BE700C43AFB /* ViewController.swift */; };
		925F1614258D8BE900C43AFB /* Assets.xcassets in Resources */ = {isa = PBXBuildFile; fileRef = 925F1613258D8BE900C43AFB /* Assets.xcassets */; };
		925F1617258D8BE900C43AFB /* LaunchScreen.storyboard in Resources */ = {isa = PBXBuildFile; fileRef = 925F1615258D8BE900C43AFB /* LaunchScreen.storyboard */; };
		92A2E85B258E3C4000535526 /* result.json in Resources */ = {isa = PBXBuildFile; fileRef = 92A2E85A258E3C4000535526 /* result.json */; };
/* End PBXBuildFile section */

/* Begin PBXFileReference section */
		925F1607258D8BE700C43AFB /* AvitoTraineeProject.app */ = {isa = PBXFileReference; explicitFileType = wrapper.application; includeInIndex = 0; path = AvitoTraineeProject.app; sourceTree = BUILT_PRODUCTS_DIR; };
		925F160A258D8BE700C43AFB /* AppDelegate.swift */ = {isa = PBXFileReference; lastKnownFileType = sourcecode.swift; path = AppDelegate.swift; sourceTree = "<group>"; };
		925F160C258D8BE700C43AFB /* SceneDelegate.swift */ = {isa = PBXFileReference; lastKnownFileType = sourcecode.swift; path = SceneDelegate.swift; sourceTree = "<group>"; };
		925F160E258D8BE700C43AFB /* ViewController.swift */ = {isa = PBXFileReference; lastKnownFileType = sourcecode.swift; path = ViewController.swift; sourceTree = "<group>"; };
		925F1613258D8BE900C43AFB /* Assets.xcassets */ = {isa = PBXFileReference; lastKnownFileType = folder.assetcatalog; path = Assets.xcassets; sourceTree = "<group>"; };
		925F1616258D8BE900C43AFB /* Base */ = {isa = PBXFileReference; lastKnownFileType = file.storyboard; name = Base; path = Base.lproj/LaunchScreen.storyboard; sourceTree = "<group>"; };
		925F1618258D8BE900C43AFB /* Info.plist */ = {isa = PBXFileReference; lastKnownFileType = text.plist.xml; path = Info.plist; sourceTree = "<group>"; };
		92A2E85A258E3C4000535526 /* result.json */ = {isa = PBXFileReference; fileEncoding = 4; lastKnownFileType = text.json; path = result.json; sourceTree = "<group>"; };
/* End PBXFileReference section */

/* Begin PBXFrameworksBuildPhase section */
		925F1604258D8BE700C43AFB /* Frameworks */ = {
			isa = PBXFrameworksBuildPhase;
			buildActionMask = 2147483647;
			files = (
			);
			runOnlyForDeploymentPostprocessing = 0;
		};
/* End PBXFrameworksBuildPhase section */

/* Begin PBXGroup section */
		925F15FE258D8BE700C43AFB = {
			isa = PBXGroup;
			children = (
				925F1609258D8BE700C43AFB /* AvitoTraineeProject */,
				925F1613258D8BE900C43AFB /* Assets.xcassets */,
				925F1608258D8BE700C43AFB /* Products */,
			);
			sourceTree = "<group>";
		};
		925F1608258D8BE700C43AFB /* Products */ = {
			isa = PBXGroup;
			children = (
				925F1607258D8BE700C43AFB /* AvitoTraineeProject.app */,
			);
			name = Products;
			sourceTree = "<group>";
		};
		925F1609258D8BE700C43AFB /* AvitoTraineeProject */ = {
			isa = PBXGroup;
			children = (
				925F160E258D8BE700C43AFB /* ViewController.swift */,
				92A2E858258E3A6A00535526 /* Helpers */,
			);
			path = AvitoTraineeProject;
			sourceTree = "<group>";
		};
		92A2E858258E3A6A00535526 /* Helpers */ = {
			isa = PBXGroup;
			children = (
				92A2E85A258E3C4000535526 /* result.json */,
				925F160A258D8BE700C43AFB /* AppDelegate.swift */,
				925F160C258D8BE700C43AFB /* SceneDelegate.swift */,
				925F1615258D8BE900C43AFB /* LaunchScreen.storyboard */,
				925F1618258D8BE900C43AFB /* Info.plist */,
			);
			path = Helpers;
			sourceTree = "<group>";
		};
/* End PBXGroup section */

/* Begin PBXNativeTarget section */
		925F1606258D8BE700C43AFB /* AvitoTraineeProject */ = {
			isa = PBXNativeTarget;
			buildConfigurationList = 925F161B258D8BE900C43AFB /* Build configuration list for PBXNativeTarget "AvitoTraineeProject" */;
			buildPhases = (
				925F1603258D8BE700C43AFB /* Sources */,
				925F1604258D8BE700C43AFB /* Frameworks */,
				925F1605258D8BE700C43AFB /* Resources */,
			);
			buildRules = (
			);
			dependencies = (
			);
			name = AvitoTraineeProject;
			productName = AvitoTraineeProject;
			productReference = 925F1607258D8BE700C43AFB /* AvitoTraineeProject.app */;
			productType = "com.apple.product-type.application";
		};
/* End PBXNativeTarget section */

/* Begin PBXProject section */
		925F15FF258D8BE700C43AFB /* Project object */ = {
			isa = PBXProject;
			attributes = {
				LastSwiftUpdateCheck = 1220;
				LastUpgradeCheck = 1220;
				TargetAttributes = {
					925F1606258D8BE700C43AFB = {
						CreatedOnToolsVersion = 12.2;
					};
				};
			};
			buildConfigurationList = 925F1602258D8BE700C43AFB /* Build configuration list for PBXProject "AvitoTraineeProject" */;
			compatibilityVersion = "Xcode 9.3";
			developmentRegion = en;
			hasScannedForEncodings = 0;
			knownRegions = (
				en,
				Base,
			);
			mainGroup = 925F15FE258D8BE700C43AFB;
			productRefGroup = 925F1608258D8BE700C43AFB /* Products */;
			projectDirPath = "";
			projectRoot = "";
			targets = (
				925F1606258D8BE700C43AFB /* AvitoTraineeProject */,
			);
		};
/* End PBXProject section */

/* Begin PBXResourcesBuildPhase section */
		925F1605258D8BE700C43AFB /* Resources */ = {
			isa = PBXResourcesBuildPhase;
			buildActionMask = 2147483647;
			files = (
				925F1617258D8BE900C43AFB /* LaunchScreen.storyboard in Resources */,
				92A2E85B258E3C4000535526 /* result.json in Resources */,
				925F1614258D8BE900C43AFB /* Assets.xcassets in Resources */,
			);
			runOnlyForDeploymentPostprocessing = 0;
		};
/* End PBXResourcesBuildPhase section */

/* Begin PBXSourcesBuildPhase section */
		925F1603258D8BE700C43AFB /* Sources */ = {
			isa = PBXSourcesBuildPhase;
			buildActionMask = 2147483647;
			files = (
				925F160F258D8BE700C43AFB /* ViewController.swift in Sources */,
				925F160B258D8BE700C43AFB /* AppDelegate.swift in Sources */,
				925F160D258D8BE700C43AFB /* SceneDelegate.swift in Sources */,
			);
			runOnlyForDeploymentPostprocessing = 0;
		};
/* End PBXSourcesBuildPhase section */

/* Begin PBXVariantGroup section */
		925F1615258D8BE900C43AFB /* LaunchScreen.storyboard */ = {
			isa = PBXVariantGroup;
			children = (
				925F1616258D8BE900C43AFB /* Base */,
			);
			name = LaunchScreen.storyboard;
			sourceTree = "<group>";
		};
/* End PBXVariantGroup section */

/* Begin XCBuildConfiguration section */
		925F1619258D8BE900C43AFB /* Debug */ = {
			isa = XCBuildConfiguration;
			buildSettings = {
				ALWAYS_SEARCH_USER_PATHS = NO;
				CLANG_ANALYZER_NONNULL = YES;
				CLANG_ANALYZER_NUMBER_OBJECT_CONVERSION = YES_AGGRESSIVE;
				CLANG_CXX_LANGUAGE_STANDARD = "gnu++14";
				CLANG_CXX_LIBRARY = "libc++";
				CLANG_ENABLE_MODULES = YES;
				CLANG_ENABLE_OBJC_ARC = YES;
				CLANG_ENABLE_OBJC_WEAK = YES;
				CLANG_WARN_BLOCK_CAPTURE_AUTORELEASING = YES;
				CLANG_WARN_BOOL_CONVERSION = YES;
				CLANG_WARN_COMMA = YES;
				CLANG_WARN_CONSTANT_CONVERSION = YES;
				CLANG_WARN_DEPRECATED_OBJC_IMPLEMENTATIONS = YES;
				CLANG_WARN_DIRECT_OBJC_ISA_USAGE = YES_ERROR;
				CLANG_WARN_DOCUMENTATION_COMMENTS = YES;
				CLANG_WARN_EMPTY_BODY = YES;
				CLANG_WARN_ENUM_CONVERSION = YES;
				CLANG_WARN_INFINITE_RECURSION = YES;
				CLANG_WARN_INT_CONVERSION = YES;
				CLANG_WARN_NON_LITERAL_NULL_CONVERSION = YES;
				CLANG_WARN_OBJC_IMPLICIT_RETAIN_SELF = YES;
				CLANG_WARN_OBJC_LITERAL_CONVERSION = YES;
				CLANG_WARN_OBJC_ROOT_CLASS = YES_ERROR;
				CLANG_WARN_QUOTED_INCLUDE_IN_FRAMEWORK_HEADER = YES;
				CLANG_WARN_RANGE_LOOP_ANALYSIS = YES;
				CLANG_WARN_STRICT_PROTOTYPES = YES;
				CLANG_WARN_SUSPICIOUS_MOVE = YES;
				CLANG_WARN_UNGUARDED_AVAILABILITY = YES_AGGRESSIVE;
				CLANG_WARN_UNREACHABLE_CODE = YES;
				CLANG_WARN__DUPLICATE_METHOD_MATCH = YES;
				COPY_PHASE_STRIP = NO;
				DEBUG_INFORMATION_FORMAT = dwarf;
				ENABLE_STRICT_OBJC_MSGSEND = YES;
				ENABLE_TESTABILITY = YES;
				GCC_C_LANGUAGE_STANDARD = gnu11;
				GCC_DYNAMIC_NO_PIC = NO;
				GCC_NO_COMMON_BLOCKS = YES;
				GCC_OPTIMIZATION_LEVEL = 0;
				GCC_PREPROCESSOR_DEFINITIONS = (
					"DEBUG=1",
					"$(inherited)",
				);
				GCC_WARN_64_TO_32_BIT_CONVERSION = YES;
				GCC_WARN_ABOUT_RETURN_TYPE = YES_ERROR;
				GCC_WARN_UNDECLARED_SELECTOR = YES;
				GCC_WARN_UNINITIALIZED_AUTOS = YES_AGGRESSIVE;
				GCC_WARN_UNUSED_FUNCTION = YES;
				GCC_WARN_UNUSED_VARIABLE = YES;
				IPHONEOS_DEPLOYMENT_TARGET = 14.2;
				MTL_ENABLE_DEBUG_INFO = INCLUDE_SOURCE;
				MTL_FAST_MATH = YES;
				ONLY_ACTIVE_ARCH = YES;
				SDKROOT = iphoneos;
				SWIFT_ACTIVE_COMPILATION_CONDITIONS = DEBUG;
				SWIFT_OPTIMIZATION_LEVEL = "-Onone";
			};
			name = Debug;
		};
		925F161A258D8BE900C43AFB /* Release */ = {
			isa = XCBuildConfiguration;
			buildSettings = {
				ALWAYS_SEARCH_USER_PATHS = NO;
				CLANG_ANALYZER_NONNULL = YES;
				CLANG_ANALYZER_NUMBER_OBJECT_CONVERSION = YES_AGGRESSIVE;
				CLANG_CXX_LANGUAGE_STANDARD = "gnu++14";
				CLANG_CXX_LIBRARY = "libc++";
				CLANG_ENABLE_MODULES = YES;
				CLANG_ENABLE_OBJC_ARC = YES;
				CLANG_ENABLE_OBJC_WEAK = YES;
				CLANG_WARN_BLOCK_CAPTURE_AUTORELEASING = YES;
				CLANG_WARN_BOOL_CONVERSION = YES;
				CLANG_WARN_COMMA = YES;
				CLANG_WARN_CONSTANT_CONVERSION = YES;
				CLANG_WARN_DEPRECATED_OBJC_IMPLEMENTATIONS = YES;
				CLANG_WARN_DIRECT_OBJC_ISA_USAGE = YES_ERROR;
				CLANG_WARN_DOCUMENTATION_COMMENTS = YES;
				CLANG_WARN_EMPTY_BODY = YES;
				CLANG_WARN_ENUM_CONVERSION = YES;
				CLANG_WARN_INFINITE_RECURSION = YES;
				CLANG_WARN_INT_CONVERSION = YES;
				CLANG_WARN_NON_LITERAL_NULL_CONVERSION = YES;
				CLANG_WARN_OBJC_IMPLICIT_RETAIN_SELF = YES;
				CLANG_WARN_OBJC_LITERAL_CONVERSION = YES;
				CLANG_WARN_OBJC_ROOT_CLASS = YES_ERROR;
				CLANG_WARN_QUOTED_INCLUDE_IN_FRAMEWORK_HEADER = YES;
				CLANG_WARN_RANGE_LOOP_ANALYSIS = YES;
				CLANG_WARN_STRICT_PROTOTYPES = YES;
				CLANG_WARN_SUSPICIOUS_MOVE = YES;
				CLANG_WARN_UNGUARDED_AVAILABILITY = YES_AGGRESSIVE;
				CLANG_WARN_UNREACHABLE_CODE = YES;
				CLANG_WARN__DUPLICATE_METHOD_MATCH = YES;
				COPY_PHASE_STRIP = NO;
				DEBUG_INFORMATION_FORMAT = "dwarf-with-dsym";
				ENABLE_NS_ASSERTIONS = NO;
				ENABLE_STRICT_OBJC_MSGSEND = YES;
				GCC_C_LANGUAGE_STANDARD = gnu11;
				GCC_NO_COMMON_BLOCKS = YES;
				GCC_WARN_64_TO_32_BIT_CONVERSION = YES;
				GCC_WARN_ABOUT_RETURN_TYPE = YES_ERROR;
				GCC_WARN_UNDECLARED_SELECTOR = YES;
				GCC_WARN_UNINITIALIZED_AUTOS = YES_AGGRESSIVE;
				GCC_WARN_UNUSED_FUNCTION = YES;
				GCC_WARN_UNUSED_VARIABLE = YES;
				IPHONEOS_DEPLOYMENT_TARGET = 14.2;
				MTL_ENABLE_DEBUG_INFO = NO;
				MTL_FAST_MATH = YES;
				SDKROOT = iphoneos;
				SWIFT_COMPILATION_MODE = wholemodule;
				SWIFT_OPTIMIZATION_LEVEL = "-O";
				VALIDATE_PRODUCT = YES;
			};
			name = Release;
		};
		925F161C258D8BE900C43AFB /* Debug */ = {
			isa = XCBuildConfiguration;
			buildSettings = {
				ASSETCATALOG_COMPILER_APPICON_NAME = AppIcon;
				ASSETCATALOG_COMPILER_GLOBAL_ACCENT_COLOR_NAME = AccentColor;
				CODE_SIGN_STYLE = Automatic;
				DEVELOPMENT_TEAM = 7UHA847YA4;
				INFOPLIST_FILE = AvitoTraineeProject/Helpers/Info.plist;
				IPHONEOS_DEPLOYMENT_TARGET = 13.0;
				LD_RUNPATH_SEARCH_PATHS = (
					"$(inherited)",
					"@executable_path/Frameworks",
				);
				PRODUCT_BUNDLE_IDENTIFIER = com.onl1steam.AvitoTraineeProject;
				PRODUCT_NAME = "$(TARGET_NAME)";
				SWIFT_VERSION = 5.0;
				TARGETED_DEVICE_FAMILY = "1,2";
			};
			name = Debug;
		};
		925F161D258D8BE900C43AFB /* Release */ = {
			isa = XCBuildConfiguration;
			buildSettings = {
				ASSETCATALOG_COMPILER_APPICON_NAME = AppIcon;
				ASSETCATALOG_COMPILER_GLOBAL_ACCENT_COLOR_NAME = AccentColor;
				CODE_SIGN_STYLE = Automatic;
				DEVELOPMENT_TEAM = 7UHA847YA4;
				INFOPLIST_FILE = AvitoTraineeProject/Helpers/Info.plist;
				IPHONEOS_DEPLOYMENT_TARGET = 13.0;
				LD_RUNPATH_SEARCH_PATHS = (
					"$(inherited)",
					"@executable_path/Frameworks",
				);
				PRODUCT_BUNDLE_IDENTIFIER = com.onl1steam.AvitoTraineeProject;
				PRODUCT_NAME = "$(TARGET_NAME)";
				SWIFT_VERSION = 5.0;
				TARGETED_DEVICE_FAMILY = "1,2";
			};
			name = Release;
		};
/* End XCBuildConfiguration section */

/* Begin XCConfigurationList section */
		925F1602258D8BE700C43AFB /* Build configuration list for PBXProject "AvitoTraineeProject" */ = {
			isa = XCConfigurationList;
			buildConfigurations = (
				925F1619258D8BE900C43AFB /* Debug */,
				925F161A258D8BE900C43AFB /* Release */,
			);
			defaultConfigurationIsVisible = 0;
			defaultConfigurationName = Release;
		};
		925F161B258D8BE900C43AFB /* Build configuration list for PBXNativeTarget "AvitoTraineeProject" */ = {
			isa = XCConfigurationList;
			buildConfigurations = (
				925F161C258D8BE900C43AFB /* Debug */,
				925F161D258D8BE900C43AFB /* Release */,
			);
			defaultConfigurationIsVisible = 0;
			defaultConfigurationName = Release;
		};
/* End XCConfigurationList section */
	};
	rootObject = 925F15FF258D8BE700C43AFB /* Project object */;
}
